
Microsoft Visual Studio Solution File, Format Version 12.00
# Visual Studio Version 17
VisualStudioVersion = 17.6.33801.468
MinimumVisualStudioVersion = 10.0.40219.1
Project("{FAE04EC0-301F-11D3-BF4B-00C04F79EFBC}") = "AppPokedex.Android", "AppPokedex.Android\AppPokedex.Android.csproj", "{96751C5A-B993-4D56-B2C8-917045432E20}"
EndProject
Project("{FAE04EC0-301F-11D3-BF4B-00C04F79EFBC}") = "AppPokedex", "AppPokedex\AppPokedex.csproj", "{8E1FE64E-D805-4A75-BD18-D385DCA0D602}"
EndProject
Global
	GlobalSection(SolutionConfigurationPlatforms) = preSolution
		Debug|Any CPU = Debug|Any CPU
		Release|Any CPU = Release|Any CPU
	EndGlobalSection
	GlobalSection(ProjectConfigurationPlatforms) = postSolution
		{96751C5A-B993-4D56-B2C8-917045432E20}.Debug|Any CPU.ActiveCfg = Debug|Any CPU
		{96751C5A-B993-4D56-B2C8-917045432E20}.Debug|Any CPU.Build.0 = Debug|Any CPU
		{96751C5A-B993-4D56-B2C8-917045432E20}.Debug|Any CPU.Deploy.0 = Debug|Any CPU
		{96751C5A-B993-4D56-B2C8-917045432E20}.Release|Any CPU.ActiveCfg = Release|Any CPU
		{96751C5A-B993-4D56-B2C8-917045432E20}.Release|Any CPU.Build.0 = Release|Any CPU
		{96751C5A-B993-4D56-B2C8-917045432E20}.Release|Any CPU.Deploy.0 = Release|Any CPU
		{8E1FE64E-D805-4A75-BD18-D385DCA0D602}.Debug|Any CPU.ActiveCfg = Debug|Any CPU
		{8E1FE64E-D805-4A75-BD18-D385DCA0D602}.Debug|Any CPU.Build.0 = Debug|Any CPU
		{8E1FE64E-D805-4A75-BD18-D385DCA0D602}.Debug|Any CPU.Deploy.0 = Debug|Any CPU
		{8E1FE64E-D805-4A75-BD18-D385DCA0D602}.Release|Any CPU.ActiveCfg = Release|Any CPU
		{8E1FE64E-D805-4A75-BD18-D385DCA0D602}.Release|Any CPU.Build.0 = Release|Any CPU
		{8E1FE64E-D805-4A75-BD18-D385DCA0D602}.Release|Any CPU.Deploy.0 = Release|Any CPU
	EndGlobalSection
	GlobalSection(SolutionProperties) = preSolution
		HideSolutionNode = FALSE
	EndGlobalSection
	GlobalSection(ExtensibilityGlobals) = postSolution
		SolutionGuid = {B1C4B901-B073-488D-8E0D-2081D0EA2A09}
	EndGlobalSection
EndGlobal
